[[package]]
name = "distlib"
version = "0.3.6"
description = "Distribution utilities"
category = "main"
optional = true
python-versions = "*"

[[package]]
name = "filelock"
version = "3.9.0"
description = "A platform independent file lock."
category = "main"
optional = true
python-versions = ">=3.7"

[package.extras]
docs = ["furo (>=2022.12.7)", "sphinx-autodoc-typehints (>=1.19.5)", "sphinx (>=5.3)"]
testing = ["covdefaults (>=2.2.2)", "coverage (>=7.0.1)", "pytest-cov (>=4)", "pytest-timeout (>=2.1)", "pytest (>=7.2)"]

[[package]]
name = "grpcio"
version = "1.52.0"
description = "HTTP/2-based RPC framework"
category = "main"
optional = false
python-versions = ">=3.7"

[package.extras]
protobuf = ["grpcio-tools (>=1.52.0)"]

[[package]]
name = "importlib-metadata"
version = "6.0.0"
description = "Read metadata from Python packages"
category = "main"
optional = false
python-versions = ">=3.7"

[package.dependencies]
typing-extensions = {version = ">=3.6.4", markers = "python_version < \"3.8\""}
zipp = ">=0.5"

[package.extras]
docs = ["sphinx (>=3.5)", "jaraco.packaging (>=9)", "rst.linker (>=1.9)", "furo", "sphinx-lint", "jaraco.tidelift (>=1.4)"]
perf = ["ipython"]
testing = ["pytest (>=6)", "pytest-checkdocs (>=2.4)", "flake8 (<5)", "pytest-cov", "pytest-enabler (>=1.3)", "packaging", "pyfakefs", "flufl.flake8", "pytest-perf (>=0.9.2)", "pytest-black (>=0.3.7)", "pytest-mypy (>=0.9.1)", "pytest-flake8", "importlib-resources (>=1.3)"]

[[package]]
name = "platformdirs"
version = "3.0.0"
description = "A small Python package for determining appropriate platform-specific dirs, e.g. a \"user data dir\"."
category = "main"
optional = false
python-versions = ">=3.7"

[package.dependencies]
typing-extensions = {version = ">=4.4", markers = "python_version < \"3.8\""}

[package.extras]
docs = ["furo (>=2022.12.7)", "proselint (>=0.13)", "sphinx-autodoc-typehints (>=1.22,!=1.23.4)", "sphinx (>=6.1.3)"]
test = ["appdirs (==1.4.4)", "covdefaults (>=2.2.2)", "pytest-cov (>=4)", "pytest-mock (>=3.10)", "pytest (>=7.2.1)"]

[[package]]
name = "protobuf"
version = "4.21.12"
description = ""
category = "main"
optional = false
python-versions = ">=3.7"

[[package]]
name = "pyyaml"
version = "6.0"
description = "YAML parser and emitter for Python"
category = "main"
optional = true
python-versions = ">=3.6"

[[package]]
name = "tblib"
version = "1.7.0"
description = "Traceback serialization library."
category = "main"
optional = false
python-versions = ">=2.7, !=3.0.*, !=3.1.*, !=3.2.*, !=3.3.*, !=3.4.*"

[[package]]
name = "typing-extensions"
version = "4.4.0"
description = "Backported and Experimental Type Hints for Python 3.7+"
category = "main"
optional = false
python-versions = ">=3.7"

[[package]]
name = "virtualenv"
version = "20.19.0"
description = "Virtual Python Environment builder"
category = "main"
optional = true
python-versions = ">=3.7"

[package.dependencies]
distlib = ">=0.3.6,<1"
filelock = ">=3.4.1,<4"
importlib-metadata = {version = ">=4.8.3", markers = "python_version < \"3.8\""}
platformdirs = ">=2.4,<4"

[package.extras]
docs = ["furo (>=2022.12.7)", "proselint (>=0.13)", "sphinx-argparse (>=0.4)", "sphinx (>=6.1.3)", "sphinxcontrib-towncrier (>=0.2.1a0)", "towncrier (>=22.12)"]
test = ["covdefaults (>=2.2.2)", "coverage-enable-subprocess (>=1)", "coverage (>=7.1)", "flaky (>=3.7)", "packaging (>=23)", "pytest-env (>=0.8.1)", "pytest-freezegun (>=0.4.2)", "pytest-mock (>=3.10)", "pytest-randomly (>=3.12)", "pytest-timeout (>=2.1)", "pytest (>=7.2.1)"]

[[package]]
name = "zipp"
version = "3.12.1"
description = "Backport of pathlib-compatible object wrapper for zip files"
category = "main"
optional = false
python-versions = ">=3.7"

[package.extras]
docs = ["sphinx (>=3.5)", "jaraco.packaging (>=9)", "rst.linker (>=1.9)", "furo", "sphinx-lint", "jaraco.tidelift (>=1.4)"]
testing = ["pytest (>=6)", "pytest-checkdocs (>=2.4)", "flake8 (<5)", "pytest-cov", "pytest-enabler (>=1.3)", "jaraco.itertools", "func-timeout", "jaraco.functools", "more-itertools", "pytest-black (>=0.3.7)", "pytest-mypy (>=0.9.1)", "pytest-flake8"]

[extras]
build = ["virtualenv", "PyYAML"]
grpc = []
server = []

[metadata]
lock-version = "1.1"
python-versions = ">=3.7,<4.0"
content-hash = "5a52399794689f8c935590f76870487fbc367e96f370d988e4aa86f7f4f530ec"

[metadata.files]
distlib = [
    {file = "distlib-0.3.6-py2.py3-none-any.whl", hash = "sha256:f35c4b692542ca110de7ef0bea44d73981caeb34ca0b9b6b2e6d7790dda8f80e"},
    {file = "distlib-0.3.6.tar.gz", hash = "sha256:14bad2d9b04d3a36127ac97f30b12a19268f211063d8f8ee4f47108896e11b46"},
]
filelock = [
    {file = "filelock-3.9.0-py3-none-any.whl", hash = "sha256:f58d535af89bb9ad5cd4df046f741f8553a418c01a7856bf0d173bbc9f6bd16d"},
    {file = "filelock-3.9.0.tar.gz", hash = "sha256:7b319f24340b51f55a2bf7a12ac0755a9b03e718311dac567a0f4f7fabd2f5de"},
]
grpcio = [
    {file = "grpcio-1.52.0-cp310-cp310-linux_armv7l.whl", hash = "sha256:7a6f6e2857908f9d7dc9a3150d45c72a35c351aa74621100145bd8ce4d083cac"},
    {file = "grpcio-1.52.0-cp310-cp310-macosx_12_0_universal2.whl", hash = "sha256:b0c55958d3aa9b60eabd1cb230e2d80e48bc4baa2f7e90e7637dc8429538599a"},
    {file = "grpcio-1.52.0-cp310-cp310-manylinux_2_17_aarch64.whl", hash = "sha256:ef46f86aabc254d1599adf00eaa47f9d8b8c2af51b89934f0dbe2309b829c778"},
    {file = "grpcio-1.52.0-cp310-cp310-manylinux_2_17_i686.manylinux2014_i686.whl", hash = "sha256:5d767848c6540130b00255d062e0eee7e8fe53dabef6c7bdf19b8e12085324f7"},
    {file = "grpcio-1.52.0-cp310-cp310-manylinux_2_17_x86_64.manylinux2014_x86_64.whl", hash = "sha256:c07775ad29baaa957e13a2fdb9724aa734b81be9be015c25d36bd93544a9279e"},
    {file = "grpcio-1.52.0-cp310-cp310-musllinux_1_1_i686.whl", hash = "sha256:8e64e5d2e76745584c193e29f68fa038ad516e3b03fb16ccff9cc6c416c08b94"},
    {file = "grpcio-1.52.0-cp310-cp310-musllinux_1_1_x86_64.whl", hash = "sha256:bc9467256c0525f83cadf0a77141ea393d3ed1bd1c218ac835e073d8a56d3c50"},
    {file = "grpcio-1.52.0-cp310-cp310-win32.whl", hash = "sha256:7d4da24ec79183a27e690de06e7b5765734fe958651473b27c7d0020a2e465e4"},
    {file = "grpcio-1.52.0-cp310-cp310-win_amd64.whl", hash = "sha256:b274c8240b30cccca70128051e767b498679040f29304b904e463249c06f37ab"},
    {file = "grpcio-1.52.0-cp311-cp311-linux_armv7l.whl", hash = "sha256:9cb42152c9880d340fc879ef86c9362014d029c1aac5629b1ff6b013e7722965"},
    {file = "grpcio-1.52.0-cp311-cp311-macosx_10_10_universal2.whl", hash = "sha256:fefbf58dd05b6aaf39dfe1df4a1464680b44496cc617083cb141ec18aac1d6d4"},
    {file = "grpcio-1.52.0-cp311-cp311-manylinux_2_17_i686.manylinux2014_i686.whl", hash = "sha256:0ed59aeb98cd95ba794d6fc77623f4bb340d1a362c0e156c086e942d21403d2a"},
    {file = "grpcio-1.52.0-cp311-cp311-manylinux_2_17_x86_64.manylinux2014_x86_64.whl", hash = "sha256:3c5553e5d881a733512cca25f810d746d7f405dcaddf0525bf99c8e7953c4ecd"},
    {file = "grpcio-1.52.0-cp311-cp311-musllinux_1_1_i686.whl", hash = "sha256:24fdf136bc0ccf85a3c0a572c3ea71957529299d4ec208eb1f2a1d06f2b17cf2"},
    {file = "grpcio-1.52.0-cp311-cp311-musllinux_1_1_x86_64.whl", hash = "sha256:bc7976baed22b87548bfd37defddb4344f4a9959bf3d276ae2cb624caa11c234"},
    {file = "grpcio-1.52.0-cp311-cp311-win32.whl", hash = "sha256:84edd2ae3c0e4ca320dfc79c24ea554e06faf1a21e5ebdb1441450dec702444e"},
    {file = "grpcio-1.52.0-cp311-cp311-win_amd64.whl", hash = "sha256:ae38c4f5e724fe85550714d56213a2eb4335a1a795bff88b3dbc75cfbc036ef2"},
    {file = "grpcio-1.52.0-cp37-cp37m-linux_armv7l.whl", hash = "sha256:10ac3d9cbc576642257c5bc674b3f6349ebcfd0ce198630423c4dedae4e545ec"},
    {file = "grpcio-1.52.0-cp37-cp37m-macosx_10_10_universal2.whl", hash = "sha256:e61683fd0a8a05ba788a067942c2bc73368cbf7836f0071268fc0abadc287dea"},
    {file = "grpcio-1.52.0-cp37-cp37m-manylinux_2_17_aarch64.whl", hash = "sha256:f290c80604a0fd0e202b4f76f3bc6eed6c0750e88525f91219ccb5cc99213fca"},
    {file = "grpcio-1.52.0-cp37-cp37m-manylinux_2_17_i686.manylinux2014_i686.whl", hash = "sha256:7bb4cae47cf9fe2bd51ddabb14f310dc35812c3676c8972006119a8b01050567"},
    {file = "grpcio-1.52.0-cp37-cp37m-manylinux_2_17_x86_64.manylinux2014_x86_64.whl", hash = "sha256:25175ed51891150e16bc63b69fb96db71b04080a17c09e83f750e118fa5b775a"},
    {file = "grpcio-1.52.0-cp37-cp37m-musllinux_1_1_i686.whl", hash = "sha256:d9e06472f59f585235ac51e4645f42a02a262fc7480fad13ede0b3c11cefa8a1"},
    {file = "grpcio-1.52.0-cp37-cp37m-musllinux_1_1_x86_64.whl", hash = "sha256:c073f4fdcbdac14fbb1b9c001222c76c446874a8ec6def028e72a746cc9cc20e"},
    {file = "grpcio-1.52.0-cp37-cp37m-win32.whl", hash = "sha256:acf13fabfb5d974e5c489c6fabe3037a6d8105030e9571cf7f8f6f92c49e734c"},
    {file = "grpcio-1.52.0-cp37-cp37m-win_amd64.whl", hash = "sha256:53406f1384406a66c18a9034265d0ad7eeafd3579da552c459bfa330ef43fcf8"},
    {file = "grpcio-1.52.0-cp38-cp38-linux_armv7l.whl", hash = "sha256:b49126b66bde56d90d970e9d091e26b600d345a8222f4214f732b30cf63756d9"},
    {file = "grpcio-1.52.0-cp38-cp38-macosx_10_10_universal2.whl", hash = "sha256:9b929fb9ee7ae082c7930aa58128138ab26f1c60e205b541f0a18975a74c2641"},
    {file = "grpcio-1.52.0-cp38-cp38-manylinux_2_17_aarch64.whl", hash = "sha256:434a693418dd706f6ba27d9b5ee5a6c7ee0302b197ac3e05e4080501a31b0b73"},
    {file = "grpcio-1.52.0-cp38-cp38-manylinux_2_17_i686.manylinux2014_i686.whl", hash = "sha256:d05eef8a94d74459582cd36dbc34aa6f2e0dcb4d59f08c8093b9728f0ccf694a"},
    {file = "grpcio-1.52.0-cp38-cp38-manylinux_2_17_x86_64.manylinux2014_x86_64.whl", hash = "sha256:6354bc9083a57b1c6e0cc87065733c356806fa8260ec055387a73d445cf5a1d6"},
    {file = "grpcio-1.52.0-cp38-cp38-musllinux_1_1_i686.whl", hash = "sha256:f34376ef75d7f70ad2c07fc7750a3293c034cce09aafc82fe7ae782542cce687"},
    {file = "grpcio-1.52.0-cp38-cp38-musllinux_1_1_x86_64.whl", hash = "sha256:2f86596763fe0c2077c7193c9d941d282b4bd7c086262e797e8d4290a3cfa9d5"},
    {file = "grpcio-1.52.0-cp38-cp38-win32.whl", hash = "sha256:d37b32f043f7f1a0d6512cabb0439e987a2c7f946e97c87fa4e26e46dfce8ef0"},
    {file = "grpcio-1.52.0-cp38-cp38-win_amd64.whl", hash = "sha256:92602fc9457f2957a9505a2e8d53e8382345494b32b551626723c4ead304c539"},
    {file = "grpcio-1.52.0-cp39-cp39-linux_armv7l.whl", hash = "sha256:486632391067cfa9acd0d58d76543fe26449d8d647ab5f24b24879f4fa45846b"},
    {file = "grpcio-1.52.0-cp39-cp39-macosx_10_10_universal2.whl", hash = "sha256:c73cfc5ef2193b2ab215576524e915bf38ed96b3557086e8e9d8c8ea43c9b02c"},
    {file = "grpcio-1.52.0-cp39-cp39-manylinux_2_17_aarch64.whl", hash = "sha256:3bbea65a62ab8a1bc3180aa24dd0d049216856a5c6b470b88769a47bc4b59d8a"},
    {file = "grpcio-1.52.0-cp39-cp39-manylinux_2_17_i686.manylinux2014_i686.whl", hash = "sha256:7128eaf3c789f7043cdecf7849efb9bb5dddc53f9f753f77613796bf6ea73515"},
    {file = "grpcio-1.52.0-cp39-cp39-manylinux_2_17_x86_64.manylinux2014_x86_64.whl", hash = "sha256:81cc7210dc4735200d81764ad8c3761845a6b95fad36d586fa10cc4f95dc3106"},
    {file = "grpcio-1.52.0-cp39-cp39-musllinux_1_1_i686.whl", hash = "sha256:2e85431a3f2970303d34596ae5bd6d07842255f897009b63b23d27b315b6ef69"},
    {file = "grpcio-1.52.0-cp39-cp39-musllinux_1_1_x86_64.whl", hash = "sha256:71e3185ac3425efc45e7999acba25dc5cc12a8abea46b2dd0f460c50df804974"},
    {file = "grpcio-1.52.0-cp39-cp39-win32.whl", hash = "sha256:44b326a7ffa56dd44168e067e076121d68a11eeccdcbcf804e9b9bd02e7bc6d8"},
    {file = "grpcio-1.52.0-cp39-cp39-win_amd64.whl", hash = "sha256:a6329dc693f0ac781219063c4b2c4bedc5519e280fe2f55ce6abc15b05a40d05"},
    {file = "grpcio-1.52.0.tar.gz", hash = "sha256:a5d4a83d29fc39af429c10b9b326c174fec49b73398e4a966a1f2a4f30aa4fdb"},
]
importlib-metadata = [
    {file = "importlib_metadata-6.0.0-py3-none-any.whl", hash = "sha256:7efb448ec9a5e313a57655d35aa54cd3e01b7e1fbcf72dce1bf06119420f5bad"},
    {file = "importlib_metadata-6.0.0.tar.gz", hash = "sha256:e354bedeb60efa6affdcc8ae121b73544a7aa74156d047311948f6d711cd378d"},
]
platformdirs = [
    {file = "platformdirs-3.0.0-py3-none-any.whl", hash = "sha256:b1d5eb14f221506f50d6604a561f4c5786d9e80355219694a1b244bcd96f4567"},
    {file = "platformdirs-3.0.0.tar.gz", hash = "sha256:8a1228abb1ef82d788f74139988b137e78692984ec7b08eaa6c65f1723af28f9"},
]
protobuf = [
    {file = "protobuf-4.21.12-cp310-abi3-win32.whl", hash = "sha256:b135410244ebe777db80298297a97fbb4c862c881b4403b71bac9d4107d61fd1"},
    {file = "protobuf-4.21.12-cp310-abi3-win_amd64.whl", hash = "sha256:89f9149e4a0169cddfc44c74f230d7743002e3aa0b9472d8c28f0388102fc4c2"},
    {file = "protobuf-4.21.12-cp37-abi3-macosx_10_9_universal2.whl", hash = "sha256:299ea899484ee6f44604deb71f424234f654606b983cb496ea2a53e3c63ab791"},
    {file = "protobuf-4.21.12-cp37-abi3-manylinux2014_aarch64.whl", hash = "sha256:d1736130bce8cf131ac7957fa26880ca19227d4ad68b4888b3be0dea1f95df97"},
    {file = "protobuf-4.21.12-cp37-abi3-manylinux2014_x86_64.whl", hash = "sha256:78a28c9fa223998472886c77042e9b9afb6fe4242bd2a2a5aced88e3f4422aa7"},
    {file = "protobuf-4.21.12-cp37-cp37m-win32.whl", hash = "sha256:3d164928ff0727d97022957c2b849250ca0e64777ee31efd7d6de2e07c494717"},
    {file = "protobuf-4.21.12-cp37-cp37m-win_amd64.whl", hash = "sha256:f45460f9ee70a0ec1b6694c6e4e348ad2019275680bd68a1d9314b8c7e01e574"},
    {file = "protobuf-4.21.12-cp38-cp38-win32.whl", hash = "sha256:6ab80df09e3208f742c98443b6166bcb70d65f52cfeb67357d52032ea1ae9bec"},
    {file = "protobuf-4.21.12-cp38-cp38-win_amd64.whl", hash = "sha256:1f22ac0ca65bb70a876060d96d914dae09ac98d114294f77584b0d2644fa9c30"},
    {file = "protobuf-4.21.12-cp39-cp39-win32.whl", hash = "sha256:27f4d15021da6d2b706ddc3860fac0a5ddaba34ab679dc182b60a8bb4e1121cc"},
    {file = "protobuf-4.21.12-cp39-cp39-win_amd64.whl", hash = "sha256:237216c3326d46808a9f7c26fd1bd4b20015fb6867dc5d263a493ef9a539293b"},
    {file = "protobuf-4.21.12-py2.py3-none-any.whl", hash = "sha256:a53fd3f03e578553623272dc46ac2f189de23862e68565e83dde203d41b76fc5"},
    {file = "protobuf-4.21.12-py3-none-any.whl", hash = "sha256:b98d0148f84e3a3c569e19f52103ca1feacdac0d2df8d6533cf983d1fda28462"},
    {file = "protobuf-4.21.12.tar.gz", hash = "sha256:7cd532c4566d0e6feafecc1059d04c7915aec8e182d1cf7adee8b24ef1e2e6ab"},
]
pyyaml = [
    {file = "PyYAML-6.0-cp310-cp310-macosx_10_9_x86_64.whl", hash = "sha256:d4db7c7aef085872ef65a8fd7d6d09a14ae91f691dec3e87ee5ee0539d516f53"},
    {file = "PyYAML-6.0-cp310-cp310-macosx_11_0_arm64.whl", hash = "sha256:9df7ed3b3d2e0ecfe09e14741b857df43adb5a3ddadc919a2d94fbdf78fea53c"},
    {file = "PyYAML-6.0-cp310-cp310-manylinux_2_17_aarch64.manylinux2014_aarch64.whl", hash = "sha256:77f396e6ef4c73fdc33a9157446466f1cff553d979bd00ecb64385760c6babdc"},
    {file = "PyYAML-6.0-cp310-cp310-manylinux_2_17_s390x.manylinux2014_s390x.whl", hash = "sha256:a80a78046a72361de73f8f395f1f1e49f956c6be882eed58505a15f3e430962b"},
    {file = "PyYAML-6.0-cp310-cp310-manylinux_2_5_x86_64.manylinux1_x86_64.manylinux_2_12_x86_64.manylinux2010_x86_64.whl", hash = "sha256:f84fbc98b019fef2ee9a1cb3ce93e3187a6df0b2538a651bfb890254ba9f90b5"},
    {file = "PyYAML-6.0-cp310-cp310-win32.whl", hash = "sha256:2cd5df3de48857ed0544b34e2d40e9fac445930039f3cfe4bcc592a1f836d513"},
    {file = "PyYAML-6.0-cp310-cp310-win_amd64.whl", hash = "sha256:daf496c58a8c52083df09b80c860005194014c3698698d1a57cbcfa182142a3a"},
    {file = "PyYAML-6.0-cp311-cp311-macosx_10_9_x86_64.whl", hash = "sha256:d4b0ba9512519522b118090257be113b9468d804b19d63c71dbcf4a48fa32358"},
    {file = "PyYAML-6.0-cp311-cp311-macosx_11_0_arm64.whl", hash = "sha256:81957921f441d50af23654aa6c5e5eaf9b06aba7f0a19c18a538dc7ef291c5a1"},
    {file = "PyYAML-6.0-cp311-cp311-manylinux_2_17_aarch64.manylinux2014_aarch64.whl", hash = "sha256:afa17f5bc4d1b10afd4466fd3a44dc0e245382deca5b3c353d8b757f9e3ecb8d"},
    {file = "PyYAML-6.0-cp311-cp311-manylinux_2_17_s390x.manylinux2014_s390x.whl", hash = "sha256:dbad0e9d368bb989f4515da330b88a057617d16b6a8245084f1b05400f24609f"},
    {file = "PyYAML-6.0-cp311-cp311-manylinux_2_17_x86_64.manylinux2014_x86_64.whl", hash = "sha256:432557aa2c09802be39460360ddffd48156e30721f5e8d917f01d31694216782"},
    {file = "PyYAML-6.0-cp311-cp311-win32.whl", hash = "sha256:bfaef573a63ba8923503d27530362590ff4f576c626d86a9fed95822a8255fd7"},
    {file = "PyYAML-6.0-cp311-cp311-win_amd64.whl", hash = "sha256:01b45c0191e6d66c470b6cf1b9531a771a83c1c4208272ead47a3ae4f2f603bf"},
    {file = "PyYAML-6.0-cp36-cp36m-macosx_10_9_x86_64.whl", hash = "sha256:897b80890765f037df3403d22bab41627ca8811ae55e9a722fd0392850ec4d86"},
    {file = "PyYAML-6.0-cp36-cp36m-manylinux_2_17_aarch64.manylinux2014_aarch64.whl", hash = "sha256:50602afada6d6cbfad699b0c7bb50d5ccffa7e46a3d738092afddc1f9758427f"},
    {file = "PyYAML-6.0-cp36-cp36m-manylinux_2_17_s390x.manylinux2014_s390x.whl", hash = "sha256:48c346915c114f5fdb3ead70312bd042a953a8ce5c7106d5bfb1a5254e47da92"},
    {file = "PyYAML-6.0-cp36-cp36m-manylinux_2_5_x86_64.manylinux1_x86_64.manylinux_2_12_x86_64.manylinux2010_x86_64.whl", hash = "sha256:98c4d36e99714e55cfbaaee6dd5badbc9a1ec339ebfc3b1f52e293aee6bb71a4"},
    {file = "PyYAML-6.0-cp36-cp36m-win32.whl", hash = "sha256:0283c35a6a9fbf047493e3a0ce8d79ef5030852c51e9d911a27badfde0605293"},
    {file = "PyYAML-6.0-cp36-cp36m-win_amd64.whl", hash = "sha256:07751360502caac1c067a8132d150cf3d61339af5691fe9e87803040dbc5db57"},
    {file = "PyYAML-6.0-cp37-cp37m-macosx_10_9_x86_64.whl", hash = "sha256:819b3830a1543db06c4d4b865e70ded25be52a2e0631ccd2f6a47a2822f2fd7c"},
    {file = "PyYAML-6.0-cp37-cp37m-manylinux_2_17_aarch64.manylinux2014_aarch64.whl", hash = "sha256:473f9edb243cb1935ab5a084eb238d842fb8f404ed2193a915d1784b5a6b5fc0"},
    {file = "PyYAML-6.0-cp37-cp37m-manylinux_2_17_s390x.manylinux2014_s390x.whl", hash = "sha256:0ce82d761c532fe4ec3f87fc45688bdd3a4c1dc5e0b4a19814b9009a29baefd4"},
    {file = "PyYAML-6.0-cp37-cp37m-manylinux_2_5_x86_64.manylinux1_x86_64.manylinux_2_12_x86_64.manylinux2010_x86_64.whl", hash = "sha256:231710d57adfd809ef5d34183b8ed1eeae3f76459c18fb4a0b373ad56bedcdd9"},
    {file = "PyYAML-6.0-cp37-cp37m-win32.whl", hash = "sha256:c5687b8d43cf58545ade1fe3e055f70eac7a5a1a0bf42824308d868289a95737"},
    {file = "PyYAML-6.0-cp37-cp37m-win_amd64.whl", hash = "sha256:d15a181d1ecd0d4270dc32edb46f7cb7733c7c508857278d3d378d14d606db2d"},
    {file = "PyYAML-6.0-cp38-cp38-macosx_10_9_x86_64.whl", hash = "sha256:0b4624f379dab24d3725ffde76559cff63d9ec94e1736b556dacdfebe5ab6d4b"},
    {file = "PyYAML-6.0-cp38-cp38-manylinux_2_17_aarch64.manylinux2014_aarch64.whl", hash = "sha256:213c60cd50106436cc818accf5baa1aba61c0189ff610f64f4a3e8c6726218ba"},
    {file = "PyYAML-6.0-cp38-cp38-manylinux_2_17_s390x.manylinux2014_s390x.whl", hash = "sha256:9fa600030013c4de8165339db93d182b9431076eb98eb40ee068700c9c813e34"},
    {file = "PyYAML-6.0-cp38-cp38-manylinux_2_5_x86_64.manylinux1_x86_64.manylinux_2_12_x86_64.manylinux2010_x86_64.whl", hash = "sha256:277a0ef2981ca40581a47093e9e2d13b3f1fbbeffae064c1d21bfceba2030287"},
    {file = "PyYAML-6.0-cp38-cp38-win32.whl", hash = "sha256:d4eccecf9adf6fbcc6861a38015c2a64f38b9d94838ac1810a9023a0609e1b78"},
    {file = "PyYAML-6.0-cp38-cp38-win_amd64.whl", hash = "sha256:1e4747bc279b4f613a09eb64bba2ba602d8a6664c6ce6396a4d0cd413a50ce07"},
    {file = "PyYAML-6.0-cp39-cp39-macosx_10_9_x86_64.whl", hash = "sha256:055d937d65826939cb044fc8c9b08889e8c743fdc6a32b33e2390f66013e449b"},
    {file = "PyYAML-6.0-cp39-cp39-macosx_11_0_arm64.whl", hash = "sha256:e61ceaab6f49fb8bdfaa0f92c4b57bcfbea54c09277b1b4f7ac376bfb7a7c174"},
    {file = "PyYAML-6.0-cp39-cp39-manylinux_2_17_aarch64.manylinux2014_aarch64.whl", hash = "sha256:d67d839ede4ed1b28a4e8909735fc992a923cdb84e618544973d7dfc71540803"},
    {file = "PyYAML-6.0-cp39-cp39-manylinux_2_17_s390x.manylinux2014_s390x.whl", hash = "sha256:cba8c411ef271aa037d7357a2bc8f9ee8b58b9965831d9e51baf703280dc73d3"},
    {file = "PyYAML-6.0-cp39-cp39-manylinux_2_5_x86_64.manylinux1_x86_64.manylinux_2_12_x86_64.manylinux2010_x86_64.whl", hash = "sha256:40527857252b61eacd1d9af500c3337ba8deb8fc298940291486c465c8b46ec0"},
    {file = "PyYAML-6.0-cp39-cp39-win32.whl", hash = "sha256:b5b9eccad747aabaaffbc6064800670f0c297e52c12754eb1d976c57e4f74dcb"},
    {file = "PyYAML-6.0-cp39-cp39-win_amd64.whl", hash = "sha256:b3d267842bf12586ba6c734f89d1f5b871df0273157918b0ccefa29deb05c21c"},
    {file = "PyYAML-6.0.tar.gz", hash = "sha256:68fb519c14306fec9720a2a5b45bc9f0c8d1b9c72adf45c37baedfcd949c35a2"},
]
tblib = [
    {file = "tblib-1.7.0-py2.py3-none-any.whl", hash = "sha256:289fa7359e580950e7d9743eab36b0691f0310fce64dee7d9c31065b8f723e23"},
    {file = "tblib-1.7.0.tar.gz", hash = "sha256:059bd77306ea7b419d4f76016aef6d7027cc8a0785579b5aad198803435f882c"},
]
typing-extensions = [
    {file = "typing_extensions-4.4.0-py3-none-any.whl", hash = "sha256:16fa4864408f655d35ec496218b85f79b3437c829e93320c7c9215ccfd92489e"},
    {file = "typing_extensions-4.4.0.tar.gz", hash = "sha256:1511434bb92bf8dd198c12b1cc812e800d4181cfcb867674e0f8279cc93087aa"},
]
virtualenv = [
    {file = "virtualenv-20.19.0-py3-none-any.whl", hash = "sha256:54eb59e7352b573aa04d53f80fc9736ed0ad5143af445a1e539aada6eb947dd1"},
    {file = "virtualenv-20.19.0.tar.gz", hash = "sha256:37a640ba82ed40b226599c522d411e4be5edb339a0c0de030c0dc7b646d61590"},
]
zipp = [
    {file = "zipp-3.12.1-py3-none-any.whl", hash = "sha256:6c4fe274b8f85ec73c37a8e4e3fa00df9fb9335da96fb789e3b96b318e5097b3"},
    {file = "zipp-3.12.1.tar.gz", hash = "sha256:a3cac813d40993596b39ea9e93a18e8a2076d5c378b8bc88ec32ab264e04ad02"},
]
